
Microsoft Visual Studio Solution File, Format Version 12.00
# Visual Studio Version 17
VisualStudioVersion = 17.5.2.0
MinimumVisualStudioVersion = 10.0.40219.1
Project("{2150E333-8FDC-42A3-9474-1A3956D46DE8}") = "src", "src", "{827E0CD3-B72D-47B6-A68D-7590B98EB39B}"
EndProject
Project("{2150E333-8FDC-42A3-9474-1A3956D46DE8}") = "test", "test", "{0C88DD14-F956-CE84-757C-A364CCF449FC}"
EndProject
Project("{FAE04EC0-301F-11D3-BF4B-00C04F79EFBC}") = "HelloWorld", "src\HelloWorld\HelloWorld.csproj", "{9E6695AE-16E7-E22D-44EA-F19D6C6DAF09}"
EndProject
Project("{FAE04EC0-301F-11D3-BF4B-00C04F79EFBC}") = "HelloWorld.Tests", "test\HelloWorld.Test\HelloWorld.Tests.csproj", "{BC0FCD6E-F052-CE05-5387-D81A4259BDEC}"
EndProject
Project("{FAE04EC0-301F-11D3-BF4B-00C04F79EFBC}") = "RewardsApi", "src\RewardsApi\RewardsApi.csproj", "{17FC07A6-3888-4B7F-9DE5-E0DD7584BFDE}"
EndProject
Project("{FAE04EC0-301F-11D3-BF4B-00C04F79EFBC}") = "RewardsApi.Tests", "test\RewardsApi.Tests\RewardsApi.Tests.csproj", "{E1A4B21F-3092-46BC-9AE5-510C5E3357F4}"
EndProject
Global
	GlobalSection(SolutionConfigurationPlatforms) = preSolution
		Debug|Any CPU = Debug|Any CPU
		Debug|x64 = Debug|x64
		Debug|x86 = Debug|x86
		Release|Any CPU = Release|Any CPU
		Release|x64 = Release|x64
		Release|x86 = Release|x86
	EndGlobalSection
	GlobalSection(ProjectConfigurationPlatforms) = postSolution
		{9E6695AE-16E7-E22D-44EA-F19D6C6DAF09}.Debug|Any CPU.ActiveCfg = Debug|Any CPU
		{9E6695AE-16E7-E22D-44EA-F19D6C6DAF09}.Debug|Any CPU.Build.0 = Debug|Any CPU
		{9E6695AE-16E7-E22D-44EA-F19D6C6DAF09}.Debug|x64.ActiveCfg = Debug|Any CPU
		{9E6695AE-16E7-E22D-44EA-F19D6C6DAF09}.Debug|x64.Build.0 = Debug|Any CPU
		{9E6695AE-16E7-E22D-44EA-F19D6C6DAF09}.Debug|x86.ActiveCfg = Debug|Any CPU
		{9E6695AE-16E7-E22D-44EA-F19D6C6DAF09}.Debug|x86.Build.0 = Debug|Any CPU
		{9E6695AE-16E7-E22D-44EA-F19D6C6DAF09}.Release|Any CPU.ActiveCfg = Release|Any CPU
		{9E6695AE-16E7-E22D-44EA-F19D6C6DAF09}.Release|Any CPU.Build.0 = Release|Any CPU
		{9E6695AE-16E7-E22D-44EA-F19D6C6DAF09}.Release|x64.ActiveCfg = Release|Any CPU
		{9E6695AE-16E7-E22D-44EA-F19D6C6DAF09}.Release|x64.Build.0 = Release|Any CPU
		{9E6695AE-16E7-E22D-44EA-F19D6C6DAF09}.Release|x86.ActiveCfg = Release|Any CPU
		{9E6695AE-16E7-E22D-44EA-F19D6C6DAF09}.Release|x86.Build.0 = Release|Any CPU
		{BC0FCD6E-F052-CE05-5387-D81A4259BDEC}.Debug|Any CPU.ActiveCfg = Debug|Any CPU
		{BC0FCD6E-F052-CE05-5387-D81A4259BDEC}.Debug|Any CPU.Build.0 = Debug|Any CPU
		{BC0FCD6E-F052-CE05-5387-D81A4259BDEC}.Debug|x64.ActiveCfg = Debug|Any CPU
		{BC0FCD6E-F052-CE05-5387-D81A4259BDEC}.Debug|x64.Build.0 = Debug|Any CPU
		{BC0FCD6E-F052-CE05-5387-D81A4259BDEC}.Debug|x86.ActiveCfg = Debug|Any CPU
		{BC0FCD6E-F052-CE05-5387-D81A4259BDEC}.Debug|x86.Build.0 = Debug|Any CPU
		{BC0FCD6E-F052-CE05-5387-D81A4259BDEC}.Release|Any CPU.ActiveCfg = Release|Any CPU
		{BC0FCD6E-F052-CE05-5387-D81A4259BDEC}.Release|Any CPU.Build.0 = Release|Any CPU
		{BC0FCD6E-F052-CE05-5387-D81A4259BDEC}.Release|x64.ActiveCfg = Release|Any CPU
		{BC0FCD6E-F052-CE05-5387-D81A4259BDEC}.Release|x64.Build.0 = Release|Any CPU
		{BC0FCD6E-F052-CE05-5387-D81A4259BDEC}.Release|x86.ActiveCfg = Release|Any CPU
		{BC0FCD6E-F052-CE05-5387-D81A4259BDEC}.Release|x86.Build.0 = Release|Any CPU
		{17FC07A6-3888-4B7F-9DE5-E0DD7584BFDE}.Debug|Any CPU.ActiveCfg = Debug|Any CPU
		{17FC07A6-3888-4B7F-9DE5-E0DD7584BFDE}.Debug|Any CPU.Build.0 = Debug|Any CPU
		{17FC07A6-3888-4B7F-9DE5-E0DD7584BFDE}.Debug|x64.ActiveCfg = Debug|Any CPU
		{17FC07A6-3888-4B7F-9DE5-E0DD7584BFDE}.Debug|x64.Build.0 = Debug|Any CPU
		{17FC07A6-3888-4B7F-9DE5-E0DD7584BFDE}.Debug|x86.ActiveCfg = Debug|Any CPU
		{17FC07A6-3888-4B7F-9DE5-E0DD7584BFDE}.Debug|x86.Build.0 = Debug|Any CPU
		{17FC07A6-3888-4B7F-9DE5-E0DD7584BFDE}.Release|Any CPU.ActiveCfg = Release|Any CPU
		{17FC07A6-3888-4B7F-9DE5-E0DD7584BFDE}.Release|Any CPU.Build.0 = Release|Any CPU
		{17FC07A6-3888-4B7F-9DE5-E0DD7584BFDE}.Release|x64.ActiveCfg = Release|Any CPU
		{17FC07A6-3888-4B7F-9DE5-E0DD7584BFDE}.Release|x64.Build.0 = Release|Any CPU
		{17FC07A6-3888-4B7F-9DE5-E0DD7584BFDE}.Release|x86.ActiveCfg = Release|Any CPU
		{17FC07A6-3888-4B7F-9DE5-E0DD7584BFDE}.Release|x86.Build.0 = Release|Any CPU
		{E1A4B21F-3092-46BC-9AE5-510C5E3357F4}.Debug|Any CPU.ActiveCfg = Debug|Any CPU
		{E1A4B21F-3092-46BC-9AE5-510C5E3357F4}.Debug|Any CPU.Build.0 = Debug|Any CPU
		{E1A4B21F-3092-46BC-9AE5-510C5E3357F4}.Debug|x64.ActiveCfg = Debug|Any CPU
		{E1A4B21F-3092-46BC-9AE5-510C5E3357F4}.Debug|x64.Build.0 = Debug|Any CPU
		{E1A4B21F-3092-46BC-9AE5-510C5E3357F4}.Debug|x86.ActiveCfg = Debug|Any CPU
		{E1A4B21F-3092-46BC-9AE5-510C5E3357F4}.Debug|x86.Build.0 = Debug|Any CPU
		{E1A4B21F-3092-46BC-9AE5-510C5E3357F4}.Release|Any CPU.ActiveCfg = Release|Any CPU
		{E1A4B21F-3092-46BC-9AE5-510C5E3357F4}.Release|Any CPU.Build.0 = Release|Any CPU
		{E1A4B21F-3092-46BC-9AE5-510C5E3357F4}.Release|x64.ActiveCfg = Release|Any CPU
		{E1A4B21F-3092-46BC-9AE5-510C5E3357F4}.Release|x64.Build.0 = Release|Any CPU
		{E1A4B21F-3092-46BC-9AE5-510C5E3357F4}.Release|x86.ActiveCfg = Release|Any CPU
		{E1A4B21F-3092-46BC-9AE5-510C5E3357F4}.Release|x86.Build.0 = Release|Any CPU
	EndGlobalSection
	GlobalSection(SolutionProperties) = preSolution
		HideSolutionNode = FALSE
	EndGlobalSection
	GlobalSection(NestedProjects) = preSolution
		{9E6695AE-16E7-E22D-44EA-F19D6C6DAF09} = {827E0CD3-B72D-47B6-A68D-7590B98EB39B}
		{BC0FCD6E-F052-CE05-5387-D81A4259BDEC} = {0C88DD14-F956-CE84-757C-A364CCF449FC}
		{17FC07A6-3888-4B7F-9DE5-E0DD7584BFDE} = {827E0CD3-B72D-47B6-A68D-7590B98EB39B}
		{E1A4B21F-3092-46BC-9AE5-510C5E3357F4} = {0C88DD14-F956-CE84-757C-A364CCF449FC}
	EndGlobalSection
	GlobalSection(ExtensibilityGlobals) = postSolution
		SolutionGuid = {6B0DF086-004C-4E8C-8B2D-F5C82E355A2E}
	EndGlobalSection
EndGlobal
