
Microsoft Visual Studio Solution File, Format Version 12.00
# Visual Studio Version 17
VisualStudioVersion = 17.5.2.0
MinimumVisualStudioVersion = 10.0.40219.1
Project("{2150E333-8FDC-42A3-9474-1A3956D46DE8}") = "src", "src", "{827E0CD3-B72D-47B6-A68D-7590B98EB39B}"
EndProject
Project("{2150E333-8FDC-42A3-9474-1A3956D46DE8}") = "test", "test", "{0C88DD14-F956-CE84-757C-A364CCF449FC}"
EndProject
Project("{FAE04EC0-301F-11D3-BF4B-00C04F79EFBC}") = "Login", "src\Login\Login.csproj", "{9B1EA7D1-270C-1945-708A-90BF36A7F654}"
EndProject
Project("{FAE04EC0-301F-11D3-BF4B-00C04F79EFBC}") = "Login.Tests", "test\Login.Test\Login.Tests.csproj", "{CCD9A3DA-4BC9-7D9B-1706-8D6DCBDAB128}"
EndProject
Project("{FAE04EC0-301F-11D3-BF4B-00C04F79EFBC}") = "SharedValidator", "src\SharedValidator\SharedValidator.csproj", "{0BE34C88-0AE7-43E9-AD1A-99B27879F30F}"
EndProject
Project("{FAE04EC0-301F-11D3-BF4B-00C04F79EFBC}") = "RewardsReader", "src\RewardsReader\RewardsReader.csproj", "{FD8DA30B-5C34-4CC4-81C5-001AB8AC05AC}"
EndProject
Project("{FAE04EC0-301F-11D3-BF4B-00C04F79EFBC}") = "JwtAuthorizer", "src\JwtAuthorizer\JwtAuthorizer.csproj", "{CBF93B43-0AB2-445F-B815-089AE245A302}"
EndProject
Project("{FAE04EC0-301F-11D3-BF4B-00C04F79EFBC}") = "RewardRepository", "src\RewardRepository\RewardRepository.csproj", "{A2126ABD-321D-4B06-A64C-99B998CE7F06}"
EndProject
Global
	GlobalSection(SolutionConfigurationPlatforms) = preSolution
		Debug|Any CPU = Debug|Any CPU
		Debug|x64 = Debug|x64
		Debug|x86 = Debug|x86
		Release|Any CPU = Release|Any CPU
		Release|x64 = Release|x64
		Release|x86 = Release|x86
	EndGlobalSection
	GlobalSection(ProjectConfigurationPlatforms) = postSolution
		{9B1EA7D1-270C-1945-708A-90BF36A7F654}.Debug|Any CPU.ActiveCfg = Debug|Any CPU
		{9B1EA7D1-270C-1945-708A-90BF36A7F654}.Debug|Any CPU.Build.0 = Debug|Any CPU
		{9B1EA7D1-270C-1945-708A-90BF36A7F654}.Debug|x64.ActiveCfg = Debug|Any CPU
		{9B1EA7D1-270C-1945-708A-90BF36A7F654}.Debug|x64.Build.0 = Debug|Any CPU
		{9B1EA7D1-270C-1945-708A-90BF36A7F654}.Debug|x86.ActiveCfg = Debug|Any CPU
		{9B1EA7D1-270C-1945-708A-90BF36A7F654}.Debug|x86.Build.0 = Debug|Any CPU
		{9B1EA7D1-270C-1945-708A-90BF36A7F654}.Release|Any CPU.ActiveCfg = Release|Any CPU
		{9B1EA7D1-270C-1945-708A-90BF36A7F654}.Release|Any CPU.Build.0 = Release|Any CPU
		{9B1EA7D1-270C-1945-708A-90BF36A7F654}.Release|x64.ActiveCfg = Release|Any CPU
		{9B1EA7D1-270C-1945-708A-90BF36A7F654}.Release|x64.Build.0 = Release|Any CPU
		{9B1EA7D1-270C-1945-708A-90BF36A7F654}.Release|x86.ActiveCfg = Release|Any CPU
		{9B1EA7D1-270C-1945-708A-90BF36A7F654}.Release|x86.Build.0 = Release|Any CPU
		{CCD9A3DA-4BC9-7D9B-1706-8D6DCBDAB128}.Debug|Any CPU.ActiveCfg = Debug|Any CPU
		{CCD9A3DA-4BC9-7D9B-1706-8D6DCBDAB128}.Debug|Any CPU.Build.0 = Debug|Any CPU
		{CCD9A3DA-4BC9-7D9B-1706-8D6DCBDAB128}.Debug|x64.ActiveCfg = Debug|Any CPU
		{CCD9A3DA-4BC9-7D9B-1706-8D6DCBDAB128}.Debug|x64.Build.0 = Debug|Any CPU
		{CCD9A3DA-4BC9-7D9B-1706-8D6DCBDAB128}.Debug|x86.ActiveCfg = Debug|Any CPU
		{CCD9A3DA-4BC9-7D9B-1706-8D6DCBDAB128}.Debug|x86.Build.0 = Debug|Any CPU
		{CCD9A3DA-4BC9-7D9B-1706-8D6DCBDAB128}.Release|Any CPU.ActiveCfg = Release|Any CPU
		{CCD9A3DA-4BC9-7D9B-1706-8D6DCBDAB128}.Release|Any CPU.Build.0 = Release|Any CPU
		{CCD9A3DA-4BC9-7D9B-1706-8D6DCBDAB128}.Release|x64.ActiveCfg = Release|Any CPU
		{CCD9A3DA-4BC9-7D9B-1706-8D6DCBDAB128}.Release|x64.Build.0 = Release|Any CPU
		{CCD9A3DA-4BC9-7D9B-1706-8D6DCBDAB128}.Release|x86.ActiveCfg = Release|Any CPU
		{CCD9A3DA-4BC9-7D9B-1706-8D6DCBDAB128}.Release|x86.Build.0 = Release|Any CPU
		{0BE34C88-0AE7-43E9-AD1A-99B27879F30F}.Debug|Any CPU.ActiveCfg = Debug|Any CPU
		{0BE34C88-0AE7-43E9-AD1A-99B27879F30F}.Debug|Any CPU.Build.0 = Debug|Any CPU
		{0BE34C88-0AE7-43E9-AD1A-99B27879F30F}.Debug|x64.ActiveCfg = Debug|Any CPU
		{0BE34C88-0AE7-43E9-AD1A-99B27879F30F}.Debug|x64.Build.0 = Debug|Any CPU
		{0BE34C88-0AE7-43E9-AD1A-99B27879F30F}.Debug|x86.ActiveCfg = Debug|Any CPU
		{0BE34C88-0AE7-43E9-AD1A-99B27879F30F}.Debug|x86.Build.0 = Debug|Any CPU
		{0BE34C88-0AE7-43E9-AD1A-99B27879F30F}.Release|Any CPU.ActiveCfg = Release|Any CPU
		{0BE34C88-0AE7-43E9-AD1A-99B27879F30F}.Release|Any CPU.Build.0 = Release|Any CPU
		{0BE34C88-0AE7-43E9-AD1A-99B27879F30F}.Release|x64.ActiveCfg = Release|Any CPU
		{0BE34C88-0AE7-43E9-AD1A-99B27879F30F}.Release|x64.Build.0 = Release|Any CPU
		{0BE34C88-0AE7-43E9-AD1A-99B27879F30F}.Release|x86.ActiveCfg = Release|Any CPU
		{0BE34C88-0AE7-43E9-AD1A-99B27879F30F}.Release|x86.Build.0 = Release|Any CPU
		{FD8DA30B-5C34-4CC4-81C5-001AB8AC05AC}.Debug|Any CPU.ActiveCfg = Debug|Any CPU
		{FD8DA30B-5C34-4CC4-81C5-001AB8AC05AC}.Debug|Any CPU.Build.0 = Debug|Any CPU
		{FD8DA30B-5C34-4CC4-81C5-001AB8AC05AC}.Debug|x64.ActiveCfg = Debug|Any CPU
		{FD8DA30B-5C34-4CC4-81C5-001AB8AC05AC}.Debug|x64.Build.0 = Debug|Any CPU
		{FD8DA30B-5C34-4CC4-81C5-001AB8AC05AC}.Debug|x86.ActiveCfg = Debug|Any CPU
		{FD8DA30B-5C34-4CC4-81C5-001AB8AC05AC}.Debug|x86.Build.0 = Debug|Any CPU
		{FD8DA30B-5C34-4CC4-81C5-001AB8AC05AC}.Release|Any CPU.ActiveCfg = Release|Any CPU
		{FD8DA30B-5C34-4CC4-81C5-001AB8AC05AC}.Release|Any CPU.Build.0 = Release|Any CPU
		{FD8DA30B-5C34-4CC4-81C5-001AB8AC05AC}.Release|x64.ActiveCfg = Release|Any CPU
		{FD8DA30B-5C34-4CC4-81C5-001AB8AC05AC}.Release|x64.Build.0 = Release|Any CPU
		{FD8DA30B-5C34-4CC4-81C5-001AB8AC05AC}.Release|x86.ActiveCfg = Release|Any CPU
		{FD8DA30B-5C34-4CC4-81C5-001AB8AC05AC}.Release|x86.Build.0 = Release|Any CPU
		{CBF93B43-0AB2-445F-B815-089AE245A302}.Debug|Any CPU.ActiveCfg = Debug|Any CPU
		{CBF93B43-0AB2-445F-B815-089AE245A302}.Debug|Any CPU.Build.0 = Debug|Any CPU
		{CBF93B43-0AB2-445F-B815-089AE245A302}.Debug|x64.ActiveCfg = Debug|Any CPU
		{CBF93B43-0AB2-445F-B815-089AE245A302}.Debug|x64.Build.0 = Debug|Any CPU
		{CBF93B43-0AB2-445F-B815-089AE245A302}.Debug|x86.ActiveCfg = Debug|Any CPU
		{CBF93B43-0AB2-445F-B815-089AE245A302}.Debug|x86.Build.0 = Debug|Any CPU
		{CBF93B43-0AB2-445F-B815-089AE245A302}.Release|Any CPU.ActiveCfg = Release|Any CPU
		{CBF93B43-0AB2-445F-B815-089AE245A302}.Release|Any CPU.Build.0 = Release|Any CPU
		{CBF93B43-0AB2-445F-B815-089AE245A302}.Release|x64.ActiveCfg = Release|Any CPU
		{CBF93B43-0AB2-445F-B815-089AE245A302}.Release|x64.Build.0 = Release|Any CPU
		{CBF93B43-0AB2-445F-B815-089AE245A302}.Release|x86.ActiveCfg = Release|Any CPU
		{CBF93B43-0AB2-445F-B815-089AE245A302}.Release|x86.Build.0 = Release|Any CPU
		{A2126ABD-321D-4B06-A64C-99B998CE7F06}.Debug|Any CPU.ActiveCfg = Debug|Any CPU
		{A2126ABD-321D-4B06-A64C-99B998CE7F06}.Debug|Any CPU.Build.0 = Debug|Any CPU
		{A2126ABD-321D-4B06-A64C-99B998CE7F06}.Debug|x64.ActiveCfg = Debug|Any CPU
		{A2126ABD-321D-4B06-A64C-99B998CE7F06}.Debug|x64.Build.0 = Debug|Any CPU
		{A2126ABD-321D-4B06-A64C-99B998CE7F06}.Debug|x86.ActiveCfg = Debug|Any CPU
		{A2126ABD-321D-4B06-A64C-99B998CE7F06}.Debug|x86.Build.0 = Debug|Any CPU
		{A2126ABD-321D-4B06-A64C-99B998CE7F06}.Release|Any CPU.ActiveCfg = Release|Any CPU
		{A2126ABD-321D-4B06-A64C-99B998CE7F06}.Release|Any CPU.Build.0 = Release|Any CPU
		{A2126ABD-321D-4B06-A64C-99B998CE7F06}.Release|x64.ActiveCfg = Release|Any CPU
		{A2126ABD-321D-4B06-A64C-99B998CE7F06}.Release|x64.Build.0 = Release|Any CPU
		{A2126ABD-321D-4B06-A64C-99B998CE7F06}.Release|x86.ActiveCfg = Release|Any CPU
		{A2126ABD-321D-4B06-A64C-99B998CE7F06}.Release|x86.Build.0 = Release|Any CPU
	EndGlobalSection
	GlobalSection(SolutionProperties) = preSolution
		HideSolutionNode = FALSE
	EndGlobalSection
	GlobalSection(NestedProjects) = preSolution
		{9B1EA7D1-270C-1945-708A-90BF36A7F654} = {827E0CD3-B72D-47B6-A68D-7590B98EB39B}
		{CCD9A3DA-4BC9-7D9B-1706-8D6DCBDAB128} = {0C88DD14-F956-CE84-757C-A364CCF449FC}
		{0BE34C88-0AE7-43E9-AD1A-99B27879F30F} = {827E0CD3-B72D-47B6-A68D-7590B98EB39B}
		{FD8DA30B-5C34-4CC4-81C5-001AB8AC05AC} = {827E0CD3-B72D-47B6-A68D-7590B98EB39B}
		{CBF93B43-0AB2-445F-B815-089AE245A302} = {827E0CD3-B72D-47B6-A68D-7590B98EB39B}
		{A2126ABD-321D-4B06-A64C-99B998CE7F06} = {827E0CD3-B72D-47B6-A68D-7590B98EB39B}
	EndGlobalSection
	GlobalSection(ExtensibilityGlobals) = postSolution
		SolutionGuid = {D68793C3-4278-463C-89AE-C58A40233175}
	EndGlobalSection
EndGlobal
