Microsoft Visual Studio Solution File, Format Version 12.00
# Visual Studio Version 17
VisualStudioVersion = 17.5.2.0
MinimumVisualStudioVersion = 10.0.40219.1
Project("{2150E333-8FDC-42A3-9474-1A3956D46DE8}") = "src", "src", "{827E0CD3-B72D-47B6-A68D-7590B98EB39B}"
EndProject
Project("{2150E333-8FDC-42A3-9474-1A3956D46DE8}") = "test", "test", "{0C88DD14-F956-CE84-757C-A364CCF449FC}"
EndProject
Project("{FAE04EC0-301F-11D3-BF4B-00C04F79EFBC}") = "Login", "src\Login\Login.csproj", "{9B1EA7D1-270C-1945-708A-90BF36A7F654}"
EndProject
Project("{FAE04EC0-301F-11D3-BF4B-00C04F79EFBC}") = "Login.Tests", "test\Login.Test\Login.Tests.csproj", "{CCD9A3DA-4BC9-7D9B-1706-8D6DCBDAB128}"
EndProject
Global
	GlobalSection(SolutionConfigurationPlatforms) = preSolution
		Debug|Any CPU = Debug|Any CPU
		Release|Any CPU = Release|Any CPU
	EndGlobalSection
	GlobalSection(ProjectConfigurationPlatforms) = postSolution
		{9B1EA7D1-270C-1945-708A-90BF36A7F654}.Debug|Any CPU.ActiveCfg = Debug|Any CPU
		{9B1EA7D1-270C-1945-708A-90BF36A7F654}.Debug|Any CPU.Build.0 = Debug|Any CPU
		{9B1EA7D1-270C-1945-708A-90BF36A7F654}.Release|Any CPU.ActiveCfg = Release|Any CPU
		{9B1EA7D1-270C-1945-708A-90BF36A7F654}.Release|Any CPU.Build.0 = Release|Any CPU
		{CCD9A3DA-4BC9-7D9B-1706-8D6DCBDAB128}.Debug|Any CPU.ActiveCfg = Debug|Any CPU
		{CCD9A3DA-4BC9-7D9B-1706-8D6DCBDAB128}.Debug|Any CPU.Build.0 = Debug|Any CPU
		{CCD9A3DA-4BC9-7D9B-1706-8D6DCBDAB128}.Release|Any CPU.ActiveCfg = Release|Any CPU
		{CCD9A3DA-4BC9-7D9B-1706-8D6DCBDAB128}.Release|Any CPU.Build.0 = Release|Any CPU
	EndGlobalSection
	GlobalSection(SolutionProperties) = preSolution
		HideSolutionNode = FALSE
	EndGlobalSection
	GlobalSection(NestedProjects) = preSolution
		{9B1EA7D1-270C-1945-708A-90BF36A7F654} = {827E0CD3-B72D-47B6-A68D-7590B98EB39B}
		{CCD9A3DA-4BC9-7D9B-1706-8D6DCBDAB128} = {0C88DD14-F956-CE84-757C-A364CCF449FC}
	EndGlobalSection
	GlobalSection(ExtensibilityGlobals) = postSolution
		SolutionGuid = {D68793C3-4278-463C-89AE-C58A40233175}
	EndGlobalSection
EndGlobal
